# This file is automatically @generated by Cargo.
# It is not intended for manual editing.
version = 4

[[package]]
name = "assay-classifier"
version = "0.1.0"
dependencies = [
 "assay-domain",
]

[[package]]
name = "assay-cli"
version = "0.1.0"
dependencies = [
 "assay-project-intelligence",
]

[[package]]
name = "assay-domain"
version = "0.1.0"

[[package]]
name = "assay-git"
version = "0.1.0"
dependencies = [
 "assay-domain",
]

[[package]]
name = "assay-project-intelligence"
version = "0.1.0"
dependencies = [
 "assay-classifier",
 "assay-domain",
 "assay-git",
]
